
Microsoft Visual Studio Solution File, Format Version 12.00
# Visual Studio Version 16
VisualStudioVersion = 16.0.29613.14
MinimumVisualStudioVersion = 10.0.40219.1
Project("{FAE04EC0-301F-11D3-BF4B-00C04F79EFBC}") = "StDb2EFRP", "StDb2EFRP\StDb2EFRP.csproj", "{B235F444-9061-48C5-8FB3-0A55DD705D44}"
EndProject
Global
	GlobalSection(SolutionConfigurationPlatforms) = preSolution
		Debug|Any CPU = Debug|Any CPU
		Release|Any CPU = Release|Any CPU
	EndGlobalSection
	GlobalSection(ProjectConfigurationPlatforms) = postSolution
		{B235F444-9061-48C5-8FB3-0A55DD705D44}.Debug|Any CPU.ActiveCfg = Debug|Any CPU
		{B235F444-9061-48C5-8FB3-0A55DD705D44}.Debug|Any CPU.Build.0 = Debug|Any CPU
		{B235F444-9061-48C5-8FB3-0A55DD705D44}.Release|Any CPU.ActiveCfg = Release|Any CPU
		{B235F444-9061-48C5-8FB3-0A55DD705D44}.Release|Any CPU.Build.0 = Release|Any CPU
	EndGlobalSection
	GlobalSection(SolutionProperties) = preSolution
		HideSolutionNode = FALSE
	EndGlobalSection
	GlobalSection(ExtensibilityGlobals) = postSolution
		SolutionGuid = {BEA1D223-DE7B-4860-9C8F-C4B817245CB1}
	EndGlobalSection
EndGlobal
